
Microsoft Visual Studio Solution File, Format Version 12.00
# Visual Studio 15
VisualStudioVersion = 15.0.28010.2048
MinimumVisualStudioVersion = 10.0.40219.1
Project("{FAE04EC0-301F-11D3-BF4B-00C04F79EFBC}") = "WpfApp3", "WpfApp3\WpfApp3.csproj", "{259A207B-94FD-4DF0-94C1-F2420E3163CB}"
EndProject
Global
	GlobalSection(SolutionConfigurationPlatforms) = preSolution
		Debug|Any CPU = Debug|Any CPU
		Release|Any CPU = Release|Any CPU
	EndGlobalSection
	GlobalSection(ProjectConfigurationPlatforms) = postSolution
		{259A207B-94FD-4DF0-94C1-F2420E3163CB}.Debug|Any CPU.ActiveCfg = Debug|Any CPU
		{259A207B-94FD-4DF0-94C1-F2420E3163CB}.Debug|Any CPU.Build.0 = Debug|Any CPU
		{259A207B-94FD-4DF0-94C1-F2420E3163CB}.Release|Any CPU.ActiveCfg = Release|Any CPU
		{259A207B-94FD-4DF0-94C1-F2420E3163CB}.Release|Any CPU.Build.0 = Release|Any CPU
	EndGlobalSection
	GlobalSection(SolutionProperties) = preSolution
		HideSolutionNode = FALSE
	EndGlobalSection
	GlobalSection(ExtensibilityGlobals) = postSolution
		SolutionGuid = {19E63F8F-74A3-4294-B550-9348D565746B}
	EndGlobalSection
EndGlobal
